// !$*UTF8*$!
{
	archiveVersion = 1;
	classes = {
	};
	objectVersion = 56;
	objects = {

/* Begin PBXBuildFile section */
		BB71819C2A66FF02002D737E /* AnimateYourselfApp.swift in Sources */ = {isa = PBXBuildFile; fileRef = BB71819B2A66FF02002D737E /* AnimateYourselfApp.swift */; };
		BB71819E2A66FF02002D737E /* ContentView.swift in Sources */ = {isa = PBXBuildFile; fileRef = BB71819D2A66FF02002D737E /* ContentView.swift */; };
		BB7181A02A66FF04002D737E /* Assets.xcassets in Resources */ = {isa = PBXBuildFile; fileRef = BB71819F2A66FF04002D737E /* Assets.xcassets */; };
		BB7181A32A66FF04002D737E /* Preview Assets.xcassets in Resources */ = {isa = PBXBuildFile; fileRef = BB7181A22A66FF04002D737E /* Preview Assets.xcassets */; };
		BB7181AA2A66FF33002D737E /* ImagePicker.swift in Sources */ = {isa = PBXBuildFile; fileRef = BB7181A92A66FF33002D737E /* ImagePicker.swift */; };
		BB7181AC2A66FF44002D737E /* ImageTransfer.swift in Sources */ = {isa = PBXBuildFile; fileRef = BB7181AB2A66FF44002D737E /* ImageTransfer.swift */; };
		BB7181AE2A66FF60002D737E /* ImageSaver.swift in Sources */ = {isa = PBXBuildFile; fileRef = BB7181AD2A66FF60002D737E /* ImageSaver.swift */; };
		BB7181B22A66FF96002D737E /* photo2cartoon.mlmodel in Sources */ = {isa = PBXBuildFile; fileRef = BB7181B12A66FF96002D737E /* photo2cartoon.mlmodel */; };
		BB7181B82A66FFB7002D737E /* whiteboxcartoonization.mlmodel in Sources */ = {isa = PBXBuildFile; fileRef = BB7181B32A66FFB6002D737E /* whiteboxcartoonization.mlmodel */; };
		BB7181B92A66FFB7002D737E /* animeganPaprika.mlmodel in Sources */ = {isa = PBXBuildFile; fileRef = BB7181B42A66FFB6002D737E /* animeganPaprika.mlmodel */; };
		BB7181BA2A66FFB7002D737E /* animeganHayao.mlmodel in Sources */ = {isa = PBXBuildFile; fileRef = BB7181B52A66FFB6002D737E /* animeganHayao.mlmodel */; };
		BB7181BB2A66FFB7002D737E /* animegan2face_paint_512_v2.mlmodel in Sources */ = {isa = PBXBuildFile; fileRef = BB7181B62A66FFB7002D737E /* animegan2face_paint_512_v2.mlmodel */; };
		BB7181BC2A66FFB7002D737E /* fast-neural-style-transfer-cuphead.mlmodel in Sources */ = {isa = PBXBuildFile; fileRef = BB7181B72A66FFB7002D737E /* fast-neural-style-transfer-cuphead.mlmodel */; };
/* End PBXBuildFile section */

/* Begin PBXFileReference section */
		BB7181982A66FF02002D737E /* AnimateYourself.app */ = {isa = PBXFileReference; explicitFileType = wrapper.application; includeInIndex = 0; path = AnimateYourself.app; sourceTree = BUILT_PRODUCTS_DIR; };
		BB71819B2A66FF02002D737E /* AnimateYourselfApp.swift */ = {isa = PBXFileReference; lastKnownFileType = sourcecode.swift; path = AnimateYourselfApp.swift; sourceTree = "<group>"; };
		BB71819D2A66FF02002D737E /* ContentView.swift */ = {isa = PBXFileReference; lastKnownFileType = sourcecode.swift; path = ContentView.swift; sourceTree = "<group>"; };
		BB71819F2A66FF04002D737E /* Assets.xcassets */ = {isa = PBXFileReference; lastKnownFileType = folder.assetcatalog; path = Assets.xcassets; sourceTree = "<group>"; };
		BB7181A22A66FF04002D737E /* Preview Assets.xcassets */ = {isa = PBXFileReference; lastKnownFileType = folder.assetcatalog; path = "Preview Assets.xcassets"; sourceTree = "<group>"; };
		BB7181A92A66FF33002D737E /* ImagePicker.swift */ = {isa = PBXFileReference; lastKnownFileType = sourcecode.swift; path = ImagePicker.swift; sourceTree = "<group>"; };
		BB7181AB2A66FF44002D737E /* ImageTransfer.swift */ = {isa = PBXFileReference; lastKnownFileType = sourcecode.swift; path = ImageTransfer.swift; sourceTree = "<group>"; };
		BB7181AD2A66FF60002D737E /* ImageSaver.swift */ = {isa = PBXFileReference; lastKnownFileType = sourcecode.swift; path = ImageSaver.swift; sourceTree = "<group>"; };
		BB7181B12A66FF96002D737E /* photo2cartoon.mlmodel */ = {isa = PBXFileReference; lastKnownFileType = file.mlmodel; path = photo2cartoon.mlmodel; sourceTree = "<group>"; };
		BB7181B32A66FFB6002D737E /* whiteboxcartoonization.mlmodel */ = {isa = PBXFileReference; lastKnownFileType = file.mlmodel; path = whiteboxcartoonization.mlmodel; sourceTree = "<group>"; };
		BB7181B42A66FFB6002D737E /* animeganPaprika.mlmodel */ = {isa = PBXFileReference; lastKnownFileType = file.mlmodel; path = animeganPaprika.mlmodel; sourceTree = "<group>"; };
		BB7181B52A66FFB6002D737E /* animeganHayao.mlmodel */ = {isa = PBXFileReference; lastKnownFileType = file.mlmodel; path = animeganHayao.mlmodel; sourceTree = "<group>"; };
		BB7181B62A66FFB7002D737E /* animegan2face_paint_512_v2.mlmodel */ = {isa = PBXFileReference; lastKnownFileType = file.mlmodel; path = animegan2face_paint_512_v2.mlmodel; sourceTree = "<group>"; };
		BB7181B72A66FFB7002D737E /* fast-neural-style-transfer-cuphead.mlmodel */ = {isa = PBXFileReference; lastKnownFileType = file.mlmodel; path = "fast-neural-style-transfer-cuphead.mlmodel"; sourceTree = "<group>"; };
/* End PBXFileReference section */

/* Begin PBXFrameworksBuildPhase section */
		BB7181952A66FF02002D737E /* Frameworks */ = {
			isa = PBXFrameworksBuildPhase;
			buildActionMask = 2147483647;
			files = (
			);
			runOnlyForDeploymentPostprocessing = 0;
		};
/* End PBXFrameworksBuildPhase section */

/* Begin PBXGroup section */
		BB71818F2A66FF02002D737E = {
			isa = PBXGroup;
			children = (
				BB71819A2A66FF02002D737E /* AnimateYourself */,
				BB7181992A66FF02002D737E /* Products */,
			);
			sourceTree = "<group>";
		};
		BB7181992A66FF02002D737E /* Products */ = {
			isa = PBXGroup;
			children = (
				BB7181982A66FF02002D737E /* AnimateYourself.app */,
			);
			name = Products;
			sourceTree = "<group>";
		};
		BB71819A2A66FF02002D737E /* AnimateYourself */ = {
			isa = PBXGroup;
			children = (
				BB71819B2A66FF02002D737E /* AnimateYourselfApp.swift */,
				BB71819D2A66FF02002D737E /* ContentView.swift */,
				BB7181A92A66FF33002D737E /* ImagePicker.swift */,
				BB7181AB2A66FF44002D737E /* ImageTransfer.swift */,
				BB7181AD2A66FF60002D737E /* ImageSaver.swift */,
				BB71819F2A66FF04002D737E /* Assets.xcassets */,
				BB7181B12A66FF96002D737E /* photo2cartoon.mlmodel */,
				BB7181B62A66FFB7002D737E /* animegan2face_paint_512_v2.mlmodel */,
				BB7181B52A66FFB6002D737E /* animeganHayao.mlmodel */,
				BB7181B42A66FFB6002D737E /* animeganPaprika.mlmodel */,
				BB7181B72A66FFB7002D737E /* fast-neural-style-transfer-cuphead.mlmodel */,
				BB7181B32A66FFB6002D737E /* whiteboxcartoonization.mlmodel */,
				BB7181A12A66FF04002D737E /* Preview Content */,
			);
			path = AnimateYourself;
			sourceTree = "<group>";
		};
		BB7181A12A66FF04002D737E /* Preview Content */ = {
			isa = PBXGroup;
			children = (
				BB7181A22A66FF04002D737E /* Preview Assets.xcassets */,
			);
			path = "Preview Content";
			sourceTree = "<group>";
		};
/* End PBXGroup section */

/* Begin PBXNativeTarget section */
		BB7181972A66FF02002D737E /* AnimateYourself */ = {
			isa = PBXNativeTarget;
			buildConfigurationList = BB7181A62A66FF04002D737E /* Build configuration list for PBXNativeTarget "AnimateYourself" */;
			buildPhases = (
				BB7181942A66FF02002D737E /* Sources */,
				BB7181952A66FF02002D737E /* Frameworks */,
				BB7181962A66FF02002D737E /* Resources */,
			);
			buildRules = (
			);
			dependencies = (
			);
			name = AnimateYourself;
			productName = AnimateYourself;
			productReference = BB7181982A66FF02002D737E /* AnimateYourself.app */;
			productType = "com.apple.product-type.application";
		};
/* End PBXNativeTarget section */

/* Begin PBXProject section */
		BB7181902A66FF02002D737E /* Project object */ = {
			isa = PBXProject;
			attributes = {
				BuildIndependentTargetsInParallel = 1;
				LastSwiftUpdateCheck = 1430;
				LastUpgradeCheck = 1430;
				TargetAttributes = {
					BB7181972A66FF02002D737E = {
						CreatedOnToolsVersion = 14.3.1;
					};
				};
			};
			buildConfigurationList = BB7181932A66FF02002D737E /* Build configuration list for PBXProject "AnimateYourself" */;
			compatibilityVersion = "Xcode 14.0";
			developmentRegion = en;
			hasScannedForEncodings = 0;
			knownRegions = (
				en,
				Base,
			);
			mainGroup = BB71818F2A66FF02002D737E;
			productRefGroup = BB7181992A66FF02002D737E /* Products */;
			projectDirPath = "";
			projectRoot = "";
			targets = (
				BB7181972A66FF02002D737E /* AnimateYourself */,
			);
		};
/* End PBXProject section */

/* Begin PBXResourcesBuildPhase section */
		BB7181962A66FF02002D737E /* Resources */ = {
			isa = PBXResourcesBuildPhase;
			buildActionMask = 2147483647;
			files = (
				BB7181A32A66FF04002D737E /* Preview Assets.xcassets in Resources */,
				BB7181A02A66FF04002D737E /* Assets.xcassets in Resources */,
			);
			runOnlyForDeploymentPostprocessing = 0;
		};
/* End PBXResourcesBuildPhase section */

/* Begin PBXSourcesBuildPhase section */
		BB7181942A66FF02002D737E /* Sources */ = {
			isa = PBXSourcesBuildPhase;
			buildActionMask = 2147483647;
			files = (
				BB7181BA2A66FFB7002D737E /* animeganHayao.mlmodel in Sources */,
				BB7181B82A66FFB7002D737E /* whiteboxcartoonization.mlmodel in Sources */,
				BB7181AA2A66FF33002D737E /* ImagePicker.swift in Sources */,
				BB71819E2A66FF02002D737E /* ContentView.swift in Sources */,
				BB7181AE2A66FF60002D737E /* ImageSaver.swift in Sources */,
				BB7181AC2A66FF44002D737E /* ImageTransfer.swift in Sources */,
				BB7181BB2A66FFB7002D737E /* animegan2face_paint_512_v2.mlmodel in Sources */,
				BB7181BC2A66FFB7002D737E /* fast-neural-style-transfer-cuphead.mlmodel in Sources */,
				BB71819C2A66FF02002D737E /* AnimateYourselfApp.swift in Sources */,
				BB7181B22A66FF96002D737E /* photo2cartoon.mlmodel in Sources */,
				BB7181B92A66FFB7002D737E /* animeganPaprika.mlmodel in Sources */,
			);
			runOnlyForDeploymentPostprocessing = 0;
		};
/* End PBXSourcesBuildPhase section */

/* Begin XCBuildConfiguration section */
		BB7181A42A66FF04002D737E /* Debug */ = {
			isa = XCBuildConfiguration;
			buildSettings = {
				ALWAYS_SEARCH_USER_PATHS = NO;
				CLANG_ANALYZER_NONNULL = YES;
				CLANG_ANALYZER_NUMBER_OBJECT_CONVERSION = YES_AGGRESSIVE;
				CLANG_CXX_LANGUAGE_STANDARD = "gnu++20";
				CLANG_ENABLE_MODULES = YES;
				CLANG_ENABLE_OBJC_ARC = YES;
				CLANG_ENABLE_OBJC_WEAK = YES;
				CLANG_WARN_BLOCK_CAPTURE_AUTORELEASING = YES;
				CLANG_WARN_BOOL_CONVERSION = YES;
				CLANG_WARN_COMMA = YES;
				CLANG_WARN_CONSTANT_CONVERSION = YES;
				CLANG_WARN_DEPRECATED_OBJC_IMPLEMENTATIONS = YES;
				CLANG_WARN_DIRECT_OBJC_ISA_USAGE = YES_ERROR;
				CLANG_WARN_DOCUMENTATION_COMMENTS = YES;
				CLANG_WARN_EMPTY_BODY = YES;
				CLANG_WARN_ENUM_CONVERSION = YES;
				CLANG_WARN_INFINITE_RECURSION = YES;
				CLANG_WARN_INT_CONVERSION = YES;
				CLANG_WARN_NON_LITERAL_NULL_CONVERSION = YES;
				CLANG_WARN_OBJC_IMPLICIT_RETAIN_SELF = YES;
				CLANG_WARN_OBJC_LITERAL_CONVERSION = YES;
				CLANG_WARN_OBJC_ROOT_CLASS = YES_ERROR;
				CLANG_WARN_QUOTED_INCLUDE_IN_FRAMEWORK_HEADER = YES;
				CLANG_WARN_RANGE_LOOP_ANALYSIS = YES;
				CLANG_WARN_STRICT_PROTOTYPES = YES;
				CLANG_WARN_SUSPICIOUS_MOVE = YES;
				CLANG_WARN_UNGUARDED_AVAILABILITY = YES_AGGRESSIVE;
				CLANG_WARN_UNREACHABLE_CODE = YES;
				CLANG_WARN__DUPLICATE_METHOD_MATCH = YES;
				COPY_PHASE_STRIP = NO;
				DEBUG_INFORMATION_FORMAT = dwarf;
				ENABLE_STRICT_OBJC_MSGSEND = YES;
				ENABLE_TESTABILITY = YES;
				GCC_C_LANGUAGE_STANDARD = gnu11;
				GCC_DYNAMIC_NO_PIC = NO;
				GCC_NO_COMMON_BLOCKS = YES;
				GCC_OPTIMIZATION_LEVEL = 0;
				GCC_PREPROCESSOR_DEFINITIONS = (
					"DEBUG=1",
					"$(inherited)",
				);
				GCC_WARN_64_TO_32_BIT_CONVERSION = YES;
				GCC_WARN_ABOUT_RETURN_TYPE = YES_ERROR;
				GCC_WARN_UNDECLARED_SELECTOR = YES;
				GCC_WARN_UNINITIALIZED_AUTOS = YES_AGGRESSIVE;
				GCC_WARN_UNUSED_FUNCTION = YES;
				GCC_WARN_UNUSED_VARIABLE = YES;
				IPHONEOS_DEPLOYMENT_TARGET = 16.4;
				MTL_ENABLE_DEBUG_INFO = INCLUDE_SOURCE;
				MTL_FAST_MATH = YES;
				ONLY_ACTIVE_ARCH = YES;
				SDKROOT = iphoneos;
				SWIFT_ACTIVE_COMPILATION_CONDITIONS = DEBUG;
				SWIFT_OPTIMIZATION_LEVEL = "-Onone";
			};
			name = Debug;
		};
		BB7181A52A66FF04002D737E /* Release */ = {
			isa = XCBuildConfiguration;
			buildSettings = {
				ALWAYS_SEARCH_USER_PATHS = NO;
				CLANG_ANALYZER_NONNULL = YES;
				CLANG_ANALYZER_NUMBER_OBJECT_CONVERSION = YES_AGGRESSIVE;
				CLANG_CXX_LANGUAGE_STANDARD = "gnu++20";
				CLANG_ENABLE_MODULES = YES;
				CLANG_ENABLE_OBJC_ARC = YES;
				CLANG_ENABLE_OBJC_WEAK = YES;
				CLANG_WARN_BLOCK_CAPTURE_AUTORELEASING = YES;
				CLANG_WARN_BOOL_CONVERSION = YES;
				CLANG_WARN_COMMA = YES;
				CLANG_WARN_CONSTANT_CONVERSION = YES;
				CLANG_WARN_DEPRECATED_OBJC_IMPLEMENTATIONS = YES;
				CLANG_WARN_DIRECT_OBJC_ISA_USAGE = YES_ERROR;
				CLANG_WARN_DOCUMENTATION_COMMENTS = YES;
				CLANG_WARN_EMPTY_BODY = YES;
				CLANG_WARN_ENUM_CONVERSION = YES;
				CLANG_WARN_INFINITE_RECURSION = YES;
				CLANG_WARN_INT_CONVERSION = YES;
				CLANG_WARN_NON_LITERAL_NULL_CONVERSION = YES;
				CLANG_WARN_OBJC_IMPLICIT_RETAIN_SELF = YES;
				CLANG_WARN_OBJC_LITERAL_CONVERSION = YES;
				CLANG_WARN_OBJC_ROOT_CLASS = YES_ERROR;
				CLANG_WARN_QUOTED_INCLUDE_IN_FRAMEWORK_HEADER = YES;
				CLANG_WARN_RANGE_LOOP_ANALYSIS = YES;
				CLANG_WARN_STRICT_PROTOTYPES = YES;
				CLANG_WARN_SUSPICIOUS_MOVE = YES;
				CLANG_WARN_UNGUARDED_AVAILABILITY = YES_AGGRESSIVE;
				CLANG_WARN_UNREACHABLE_CODE = YES;
				CLANG_WARN__DUPLICATE_METHOD_MATCH = YES;
				COPY_PHASE_STRIP = NO;
				DEBUG_INFORMATION_FORMAT = "dwarf-with-dsym";
				ENABLE_NS_ASSERTIONS = NO;
				ENABLE_STRICT_OBJC_MSGSEND = YES;
				GCC_C_LANGUAGE_STANDARD = gnu11;
				GCC_NO_COMMON_BLOCKS = YES;
				GCC_WARN_64_TO_32_BIT_CONVERSION = YES;
				GCC_WARN_ABOUT_RETURN_TYPE = YES_ERROR;
				GCC_WARN_UNDECLARED_SELECTOR = YES;
				GCC_WARN_UNINITIALIZED_AUTOS = YES_AGGRESSIVE;
				GCC_WARN_UNUSED_FUNCTION = YES;
				GCC_WARN_UNUSED_VARIABLE = YES;
				IPHONEOS_DEPLOYMENT_TARGET = 16.4;
				MTL_ENABLE_DEBUG_INFO = NO;
				MTL_FAST_MATH = YES;
				SDKROOT = iphoneos;
				SWIFT_COMPILATION_MODE = wholemodule;
				SWIFT_OPTIMIZATION_LEVEL = "-O";
				VALIDATE_PRODUCT = YES;
			};
			name = Release;
		};
		BB7181A72A66FF04002D737E /* Debug */ = {
			isa = XCBuildConfiguration;
			buildSettings = {
				ASSETCATALOG_COMPILER_APPICON_NAME = AppIcon;
				ASSETCATALOG_COMPILER_GLOBAL_ACCENT_COLOR_NAME = AccentColor;
				CODE_SIGN_STYLE = Automatic;
				CURRENT_PROJECT_VERSION = 1;
				DEVELOPMENT_ASSET_PATHS = "\"AnimateYourself/Preview Content\"";
				DEVELOPMENT_TEAM = 7S6G6AV5F4;
				ENABLE_PREVIEWS = YES;
				GENERATE_INFOPLIST_FILE = YES;
				INFOPLIST_KEY_UIApplicationSceneManifest_Generation = YES;
				INFOPLIST_KEY_UIApplicationSupportsIndirectInputEvents = YES;
				INFOPLIST_KEY_UILaunchScreen_Generation = YES;
				INFOPLIST_KEY_UISupportedInterfaceOrientations_iPad = "UIInterfaceOrientationPortrait UIInterfaceOrientationPortraitUpsideDown UIInterfaceOrientationLandscapeLeft UIInterfaceOrientationLandscapeRight";
				INFOPLIST_KEY_UISupportedInterfaceOrientations_iPhone = "UIInterfaceOrientationPortrait UIInterfaceOrientationLandscapeLeft UIInterfaceOrientationLandscapeRight";
				LD_RUNPATH_SEARCH_PATHS = (
					"$(inherited)",
					"@executable_path/Frameworks",
				);
				MARKETING_VERSION = 1.0;
				PRODUCT_BUNDLE_IDENTIFIER = co.gauravbhardwaj.AnimateYourself;
				PRODUCT_NAME = "$(TARGET_NAME)";
				SWIFT_EMIT_LOC_STRINGS = YES;
				SWIFT_VERSION = 5.0;
				TARGETED_DEVICE_FAMILY = "1,2";
			};
			name = Debug;
		};
		BB7181A82A66FF04002D737E /* Release */ = {
			isa = XCBuildConfiguration;
			buildSettings = {
				ASSETCATALOG_COMPILER_APPICON_NAME = AppIcon;
				ASSETCATALOG_COMPILER_GLOBAL_ACCENT_COLOR_NAME = AccentColor;
				CODE_SIGN_STYLE = Automatic;
				CURRENT_PROJECT_VERSION = 1;
				DEVELOPMENT_ASSET_PATHS = "\"AnimateYourself/Preview Content\"";
				DEVELOPMENT_TEAM = 7S6G6AV5F4;
				ENABLE_PREVIEWS = YES;
				GENERATE_INFOPLIST_FILE = YES;
				INFOPLIST_KEY_UIApplicationSceneManifest_Generation = YES;
				INFOPLIST_KEY_UIApplicationSupportsIndirectInputEvents = YES;
				INFOPLIST_KEY_UILaunchScreen_Generation = YES;
				INFOPLIST_KEY_UISupportedInterfaceOrientations_iPad = "UIInterfaceOrientationPortrait UIInterfaceOrientationPortraitUpsideDown UIInterfaceOrientationLandscapeLeft UIInterfaceOrientationLandscapeRight";
				INFOPLIST_KEY_UISupportedInterfaceOrientations_iPhone = "UIInterfaceOrientationPortrait UIInterfaceOrientationLandscapeLeft UIInterfaceOrientationLandscapeRight";
				LD_RUNPATH_SEARCH_PATHS = (
					"$(inherited)",
					"@executable_path/Frameworks",
				);
				MARKETING_VERSION = 1.0;
				PRODUCT_BUNDLE_IDENTIFIER = co.gauravbhardwaj.AnimateYourself;
				PRODUCT_NAME = "$(TARGET_NAME)";
				SWIFT_EMIT_LOC_STRINGS = YES;
				SWIFT_VERSION = 5.0;
				TARGETED_DEVICE_FAMILY = "1,2";
			};
			name = Release;
		};
/* End XCBuildConfiguration section */

/* Begin XCConfigurationList section */
		BB7181932A66FF02002D737E /* Build configuration list for PBXProject "AnimateYourself" */ = {
			isa = XCConfigurationList;
			buildConfigurations = (
				BB7181A42A66FF04002D737E /* Debug */,
				BB7181A52A66FF04002D737E /* Release */,
			);
			defaultConfigurationIsVisible = 0;
			defaultConfigurationName = Release;
		};
		BB7181A62A66FF04002D737E /* Build configuration list for PBXNativeTarget "AnimateYourself" */ = {
			isa = XCConfigurationList;
			buildConfigurations = (
				BB7181A72A66FF04002D737E /* Debug */,
				BB7181A82A66FF04002D737E /* Release */,
			);
			defaultConfigurationIsVisible = 0;
			defaultConfigurationName = Release;
		};
/* End XCConfigurationList section */
	};
	rootObject = BB7181902A66FF02002D737E /* Project object */;
}
